
Microsoft Visual Studio Solution File, Format Version 12.00
# Visual Studio Version 17
VisualStudioVersion = 17.13.35931.197
MinimumVisualStudioVersion = 10.0.40219.1
Project("{9A19103F-16F7-4668-BE54-9A1E7A4F7556}") = "QuanApi", "QuanApi\QuanApi.csproj", "{B4568497-6FAD-42A4-82E7-1254FF048E18}"
EndProject
Project("{9A19103F-16F7-4668-BE54-9A1E7A4F7556}") = "QuanView", "QuanView\QuanView.csproj", "{7D455415-89BC-46F2-BE55-A6970221E96F}"
EndProject
Global
	GlobalSection(SolutionConfigurationPlatforms) = preSolution
		Debug|Any CPU = Debug|Any CPU
		Release|Any CPU = Release|Any CPU
	EndGlobalSection
	GlobalSection(ProjectConfigurationPlatforms) = postSolution
		{B4568497-6FAD-42A4-82E7-1254FF048E18}.Debug|Any CPU.ActiveCfg = Debug|Any CPU
		{B4568497-6FAD-42A4-82E7-1254FF048E18}.Debug|Any CPU.Build.0 = Debug|Any CPU
		{B4568497-6FAD-42A4-82E7-1254FF048E18}.Release|Any CPU.ActiveCfg = Release|Any CPU
		{B4568497-6FAD-42A4-82E7-1254FF048E18}.Release|Any CPU.Build.0 = Release|Any CPU
		{7D455415-89BC-46F2-BE55-A6970221E96F}.Debug|Any CPU.ActiveCfg = Debug|Any CPU
		{7D455415-89BC-46F2-BE55-A6970221E96F}.Debug|Any CPU.Build.0 = Debug|Any CPU
		{7D455415-89BC-46F2-BE55-A6970221E96F}.Release|Any CPU.ActiveCfg = Release|Any CPU
		{7D455415-89BC-46F2-BE55-A6970221E96F}.Release|Any CPU.Build.0 = Release|Any CPU
	EndGlobalSection
	GlobalSection(SolutionProperties) = preSolution
		HideSolutionNode = FALSE
	EndGlobalSection
	GlobalSection(ExtensibilityGlobals) = postSolution
		SolutionGuid = {49586041-FF6D-411F-A559-590982BB7CF4}
	EndGlobalSection
EndGlobal
